// !$*UTF8*$!
{
	archiveVersion = 1;
	classes = {
	};
	objectVersion = 46;
	objects = {

/* Begin PBXBuildFile section */
		3E9C799A1A9EB4F7006C399E /* main.m in Sources */ = {isa = PBXBuildFile; fileRef = 3E9C79991A9EB4F7006C399E /* main.m */; };
		3E9C799D1A9EB4F7006C399E /* AppDelegate.m in Sources */ = {isa = PBXBuildFile; fileRef = 3E9C799C1A9EB4F7006C399E /* AppDelegate.m */; };
		3E9C79A01A9EB4F7006C399E /* ViewController.m in Sources */ = {isa = PBXBuildFile; fileRef = 3E9C799F1A9EB4F7006C399E /* ViewController.m */; };
		3E9C79A31A9EB4F7006C399E /* Main.storyboard in Resources */ = {isa = PBXBuildFile; fileRef = 3E9C79A11A9EB4F7006C399E /* Main.storyboard */; };
		3E9C79A51A9EB4F7006C399E /* Images.xcassets in Resources */ = {isa = PBXBuildFile; fileRef = 3E9C79A41A9EB4F7006C399E /* Images.xcassets */; };
		3E9C79A81A9EB4F7006C399E /* LaunchScreen.xib in Resources */ = {isa = PBXBuildFile; fileRef = 3E9C79A61A9EB4F7006C399E /* LaunchScreen.xib */; };
		3E9C79B41A9EB4F7006C399E /* helloworldTests.m in Sources */ = {isa = PBXBuildFile; fileRef = 3E9C79B31A9EB4F7006C399E /* helloworldTests.m */; };
/* End PBXBuildFile section */

/* Begin PBXContainerItemProxy section */
		3E9C79AE1A9EB4F7006C399E /* PBXContainerItemProxy */ = {
			isa = PBXContainerItemProxy;
			containerPortal = 3E9C798C1A9EB4F7006C399E /* Project object */;
			proxyType = 1;
			remoteGlobalIDString = 3E9C79931A9EB4F7006C399E;
			remoteInfo = helloworld;
		};
/* End PBXContainerItemProxy section */

/* Begin PBXFileReference section */
		3E9C79941A9EB4F7006C399E /* helloworld.app */ = {isa = PBXFileReference; explicitFileType = wrapper.application; includeInIndex = 0; path = helloworld.app; sourceTree = BUILT_PRODUCTS_DIR; };
		3E9C79981A9EB4F7006C399E /* Info.plist */ = {isa = PBXFileReference; lastKnownFileType = text.plist.xml; path = Info.plist; sourceTree = "<group>"; };
		3E9C79991A9EB4F7006C399E /* main.m */ = {isa = PBXFileReference; lastKnownFileType = sourcecode.c.objc; path = main.m; sourceTree = "<group>"; };
		3E9C799B1A9EB4F7006C399E /* AppDelegate.h */ = {isa = PBXFileReference; lastKnownFileType = sourcecode.c.h; path = AppDelegate.h; sourceTree = "<group>"; };
		3E9C799C1A9EB4F7006C399E /* AppDelegate.m */ = {isa = PBXFileReference; lastKnownFileType = sourcecode.c.objc; path = AppDelegate.m; sourceTree = "<group>"; };
		3E9C799E1A9EB4F7006C399E /* ViewController.h */ = {isa = PBXFileReference; lastKnownFileType = sourcecode.c.h; path = ViewController.h; sourceTree = "<group>"; };
		3E9C799F1A9EB4F7006C399E /* ViewController.m */ = {isa = PBXFileReference; lastKnownFileType = sourcecode.c.objc; path = ViewController.m; sourceTree = "<group>"; };
		3E9C79A21A9EB4F7006C399E /* Base */ = {isa = PBXFileReference; lastKnownFileType = file.storyboard; name = Base; path = Base.lproj/Main.storyboard; sourceTree = "<group>"; };
		3E9C79A41A9EB4F7006C399E /* Images.xcassets */ = {isa = PBXFileReference; lastKnownFileType = folder.assetcatalog; path = Images.xcassets; sourceTree = "<group>"; };
		3E9C79A71A9EB4F7006C399E /* Base */ = {isa = PBXFileReference; lastKnownFileType = file.xib; name = Base; path = Base.lproj/LaunchScreen.xib; sourceTree = "<group>"; };
		3E9C79AD1A9EB4F7006C399E /* helloworldTests.xctest */ = {isa = PBXFileReference; explicitFileType = wrapper.cfbundle; includeInIndex = 0; path = helloworldTests.xctest; sourceTree = BUILT_PRODUCTS_DIR; };
		3E9C79B21A9EB4F7006C399E /* Info.plist */ = {isa = PBXFileReference; lastKnownFileType = text.plist.xml; path = Info.plist; sourceTree = "<group>"; };
		3E9C79B31A9EB4F7006C399E /* helloworldTests.m */ = {isa = PBXFileReference; lastKnownFileType = sourcecode.c.objc; path = helloworldTests.m; sourceTree = "<group>"; };
/* End PBXFileReference section */

/* Begin PBXFrameworksBuildPhase section */
		3E9C79911A9EB4F7006C399E /* Frameworks */ = {
			isa = PBXFrameworksBuildPhase;
			buildActionMask = 2147483647;
			files = (
			);
			runOnlyForDeploymentPostprocessing = 0;
		};
		3E9C79AA1A9EB4F7006C399E /* Frameworks */ = {
			isa = PBXFrameworksBuildPhase;
			buildActionMask = 2147483647;
			files = (
			);
			runOnlyForDeploymentPostprocessing = 0;
		};
/* End PBXFrameworksBuildPhase section */

/* Begin PBXGroup section */
		3E9C798B1A9EB4F7006C399E = {
			isa = PBXGroup;
			children = (
				3E9C79961A9EB4F7006C399E /* helloworld */,
				3E9C79B01A9EB4F7006C399E /* helloworldTests */,
				3E9C79951A9EB4F7006C399E /* Products */,
			);
			sourceTree = "<group>";
		};
		3E9C79951A9EB4F7006C399E /* Products */ = {
			isa = PBXGroup;
			children = (
				3E9C79941A9EB4F7006C399E /* helloworld.app */,
				3E9C79AD1A9EB4F7006C399E /* helloworldTests.xctest */,
			);
			name = Products;
			sourceTree = "<group>";
		};
		3E9C79961A9EB4F7006C399E /* helloworld */ = {
			isa = PBXGroup;
			children = (
				3E9C799B1A9EB4F7006C399E /* AppDelegate.h */,
				3E9C799C1A9EB4F7006C399E /* AppDelegate.m */,
				3E9C799E1A9EB4F7006C399E /* ViewController.h */,
				3E9C799F1A9EB4F7006C399E /* ViewController.m */,
				3E9C79A11A9EB4F7006C399E /* Main.storyboard */,
				3E9C79A41A9EB4F7006C399E /* Images.xcassets */,
				3E9C79A61A9EB4F7006C399E /* LaunchScreen.xib */,
				3E9C79971A9EB4F7006C399E /* Supporting Files */,
			);
			path = helloworld;
			sourceTree = "<group>";
		};
		3E9C79971A9EB4F7006C399E /* Supporting Files */ = {
			isa = PBXGroup;
			children = (
				3E9C79981A9EB4F7006C399E /* Info.plist */,
				3E9C79991A9EB4F7006C399E /* main.m */,
			);
			name = "Supporting Files";
			sourceTree = "<group>";
		};
		3E9C79B01A9EB4F7006C399E /* helloworldTests */ = {
			isa = PBXGroup;
			children = (
				3E9C79B31A9EB4F7006C399E /* helloworldTests.m */,
				3E9C79B11A9EB4F7006C399E /* Supporting Files */,
			);
			path = helloworldTests;
			sourceTree = "<group>";
		};
		3E9C79B11A9EB4F7006C399E /* Supporting Files */ = {
			isa = PBXGroup;
			children = (
				3E9C79B21A9EB4F7006C399E /* Info.plist */,
			);
			name = "Supporting Files";
			sourceTree = "<group>";
		};
/* End PBXGroup section */

/* Begin PBXNativeTarget section */
		3E9C79931A9EB4F7006C399E /* helloworld */ = {
			isa = PBXNativeTarget;
			buildConfigurationList = 3E9C79B71A9EB4F7006C399E /* Build configuration list for PBXNativeTarget "helloworld" */;
			buildPhases = (
				3E9C79901A9EB4F7006C399E /* Sources */,
				3E9C79911A9EB4F7006C399E /* Frameworks */,
				3E9C79921A9EB4F7006C399E /* Resources */,
			);
			buildRules = (
			);
			dependencies = (
			);
			name = helloworld;
			productName = helloworld;
			productReference = 3E9C79941A9EB4F7006C399E /* helloworld.app */;
			productType = "com.apple.product-type.application";
		};
		3E9C79AC1A9EB4F7006C399E /* helloworldTests */ = {
			isa = PBXNativeTarget;
			buildConfigurationList = 3E9C79BA1A9EB4F7006C399E /* Build configuration list for PBXNativeTarget "helloworldTests" */;
			buildPhases = (
				3E9C79A91A9EB4F7006C399E /* Sources */,
				3E9C79AA1A9EB4F7006C399E /* Frameworks */,
				3E9C79AB1A9EB4F7006C399E /* Resources */,
			);
			buildRules = (
			);
			dependencies = (
				3E9C79AF1A9EB4F7006C399E /* PBXTargetDependency */,
			);
			name = helloworldTests;
			productName = helloworldTests;
			productReference = 3E9C79AD1A9EB4F7006C399E /* helloworldTests.xctest */;
			productType = "com.apple.product-type.bundle.unit-test";
		};
/* End PBXNativeTarget section */

/* Begin PBXProject section */
		3E9C798C1A9EB4F7006C399E /* Project object */ = {
			isa = PBXProject;
			attributes = {
				LastUpgradeCheck = 0610;
				ORGANIZATIONNAME = io;
				TargetAttributes = {
					3E9C79931A9EB4F7006C399E = {
						CreatedOnToolsVersion = 6.1;
					};
					3E9C79AC1A9EB4F7006C399E = {
						CreatedOnToolsVersion = 6.1;
						TestTargetID = 3E9C79931A9EB4F7006C399E;
					};
				};
			};
			buildConfigurationList = 3E9C798F1A9EB4F7006C399E /* Build configuration list for PBXProject "helloworld" */;
			compatibilityVersion = "Xcode 3.2";
			developmentRegion = English;
			hasScannedForEncodings = 0;
			knownRegions = (
				en,
				Base,
			);
			mainGroup = 3E9C798B1A9EB4F7006C399E;
			productRefGroup = 3E9C79951A9EB4F7006C399E /* Products */;
			projectDirPath = "";
			projectRoot = "";
			targets = (
				3E9C79931A9EB4F7006C399E /* helloworld */,
				3E9C79AC1A9EB4F7006C399E /* helloworldTests */,
			);
		};
/* End PBXProject section */

/* Begin PBXResourcesBuildPhase section */
		3E9C79921A9EB4F7006C399E /* Resources */ = {
			isa = PBXResourcesBuildPhase;
			buildActionMask = 2147483647;
			files = (
				3E9C79A31A9EB4F7006C399E /* Main.storyboard in Resources */,
				3E9C79A81A9EB4F7006C399E /* LaunchScreen.xib in Resources */,
				3E9C79A51A9EB4F7006C399E /* Images.xcassets in Resources */,
			);
			runOnlyForDeploymentPostprocessing = 0;
		};
		3E9C79AB1A9EB4F7006C399E /* Resources */ = {
			isa = PBXResourcesBuildPhase;
			buildActionMask = 2147483647;
			files = (
			);
			runOnlyForDeploymentPostprocessing = 0;
		};
/* End PBXResourcesBuildPhase section */

/* Begin PBXSourcesBuildPhase section */
		3E9C79901A9EB4F7006C399E /* Sources */ = {
			isa = PBXSourcesBuildPhase;
			buildActionMask = 2147483647;
			files = (
				3E9C79A01A9EB4F7006C399E /* ViewController.m in Sources */,
				3E9C799D1A9EB4F7006C399E /* AppDelegate.m in Sources */,
				3E9C799A1A9EB4F7006C399E /* main.m in Sources */,
			);
			runOnlyForDeploymentPostprocessing = 0;
		};
		3E9C79A91A9EB4F7006C399E /* Sources */ = {
			isa = PBXSourcesBuildPhase;
			buildActionMask = 2147483647;
			files = (
				3E9C79B41A9EB4F7006C399E /* helloworldTests.m in Sources */,
			);
			runOnlyForDeploymentPostprocessing = 0;
		};
/* End PBXSourcesBuildPhase section */

/* Begin PBXTargetDependency section */
		3E9C79AF1A9EB4F7006C399E /* PBXTargetDependency */ = {
			isa = PBXTargetDependency;
			target = 3E9C79931A9EB4F7006C399E /* helloworld */;
			targetProxy = 3E9C79AE1A9EB4F7006C399E /* PBXContainerItemProxy */;
		};
/* End PBXTargetDependency section */

/* Begin PBXVariantGroup section */
		3E9C79A11A9EB4F7006C399E /* Main.storyboard */ = {
			isa = PBXVariantGroup;
			children = (
				3E9C79A21A9EB4F7006C399E /* Base */,
			);
			name = Main.storyboard;
			sourceTree = "<group>";
		};
		3E9C79A61A9EB4F7006C399E /* LaunchScreen.xib */ = {
			isa = PBXVariantGroup;
			children = (
				3E9C79A71A9EB4F7006C399E /* Base */,
			);
			name = LaunchScreen.xib;
			sourceTree = "<group>";
		};
/* End PBXVariantGroup section */

/* Begin XCBuildConfiguration section */
		3E9C79B51A9EB4F7006C399E /* Debug */ = {
			isa = XCBuildConfiguration;
			buildSettings = {
				ALWAYS_SEARCH_USER_PATHS = NO;
				CLANG_CXX_LANGUAGE_STANDARD = "gnu++0x";
				CLANG_CXX_LIBRARY = "libc++";
				CLANG_ENABLE_MODULES = YES;
				CLANG_ENABLE_OBJC_ARC = YES;
				CLANG_WARN_BOOL_CONVERSION = YES;
				CLANG_WARN_CONSTANT_CONVERSION = YES;
				CLANG_WARN_DIRECT_OBJC_ISA_USAGE = YES_ERROR;
				CLANG_WARN_EMPTY_BODY = YES;
				CLANG_WARN_ENUM_CONVERSION = YES;
				CLANG_WARN_INT_CONVERSION = YES;
				CLANG_WARN_OBJC_ROOT_CLASS = YES_ERROR;
				CLANG_WARN_UNREACHABLE_CODE = YES;
				CLANG_WARN__DUPLICATE_METHOD_MATCH = YES;
				"CODE_SIGN_IDENTITY[sdk=iphoneos*]" = "iPhone Developer";
				COPY_PHASE_STRIP = NO;
				ENABLE_STRICT_OBJC_MSGSEND = YES;
				GCC_C_LANGUAGE_STANDARD = gnu99;
				GCC_DYNAMIC_NO_PIC = NO;
				GCC_OPTIMIZATION_LEVEL = 0;
				GCC_PREPROCESSOR_DEFINITIONS = (
					"DEBUG=1",
					"$(inherited)",
				);
				GCC_SYMBOLS_PRIVATE_EXTERN = NO;
				GCC_WARN_64_TO_32_BIT_CONVERSION = YES;
				GCC_WARN_ABOUT_RETURN_TYPE = YES_ERROR;
				GCC_WARN_UNDECLARED_SELECTOR = YES;
				GCC_WARN_UNINITIALIZED_AUTOS = YES_AGGRESSIVE;
				GCC_WARN_UNUSED_FUNCTION = YES;
				GCC_WARN_UNUSED_VARIABLE = YES;
				IPHONEOS_DEPLOYMENT_TARGET = 8.1;
				MTL_ENABLE_DEBUG_INFO = YES;
				ONLY_ACTIVE_ARCH = YES;
				SDKROOT = iphoneos;
			};
			name = Debug;
		};
		3E9C79B61A9EB4F7006C399E /* Release */ = {
			isa = XCBuildConfiguration;
			buildSettings = {
				ALWAYS_SEARCH_USER_PATHS = NO;
				CLANG_CXX_LANGUAGE_STANDARD = "gnu++0x";
				CLANG_CXX_LIBRARY = "libc++";
				CLANG_ENABLE_MODULES = YES;
				CLANG_ENABLE_OBJC_ARC = YES;
				CLANG_WARN_BOOL_CONVERSION = YES;
				CLANG_WARN_CONSTANT_CONVERSION = YES;
				CLANG_WARN_DIRECT_OBJC_ISA_USAGE = YES_ERROR;
				CLANG_WARN_EMPTY_BODY = YES;
				CLANG_WARN_ENUM_CONVERSION = YES;
				CLANG_WARN_INT_CONVERSION = YES;
				CLANG_WARN_OBJC_ROOT_CLASS = YES_ERROR;
				CLANG_WARN_UNREACHABLE_CODE = YES;
				CLANG_WARN__DUPLICATE_METHOD_MATCH = YES;
				"CODE_SIGN_IDENTITY[sdk=iphoneos*]" = "iPhone Developer";
				COPY_PHASE_STRIP = YES;
				ENABLE_NS_ASSERTIONS = NO;
				ENABLE_STRICT_OBJC_MSGSEND = YES;
				GCC_C_LANGUAGE_STANDARD = gnu99;
				GCC_WARN_64_TO_32_BIT_CONVERSION = YES;
				GCC_WARN_ABOUT_RETURN_TYPE = YES_ERROR;
				GCC_WARN_UNDECLARED_SELECTOR = YES;
				GCC_WARN_UNINITIALIZED_AUTOS = YES_AGGRESSIVE;
				GCC_WARN_UNUSED_FUNCTION = YES;
				GCC_WARN_UNUSED_VARIABLE = YES;
				IPHONEOS_DEPLOYMENT_TARGET = 8.1;
				MTL_ENABLE_DEBUG_INFO = NO;
				SDKROOT = iphoneos;
				VALIDATE_PRODUCT = YES;
			};
			name = Release;
		};
		3E9C79B81A9EB4F7006C399E /* Debug */ = {
			isa = XCBuildConfiguration;
			buildSettings = {
				ASSETCATALOG_COMPILER_APPICON_NAME = AppIcon;
				INFOPLIST_FILE = helloworld/Info.plist;
				LD_RUNPATH_SEARCH_PATHS = "$(inherited) @executable_path/Frameworks";
				PRODUCT_NAME = "$(TARGET_NAME)";
			};
			name = Debug;
		};
		3E9C79B91A9EB4F7006C399E /* Release */ = {
			isa = XCBuildConfiguration;
			buildSettings = {
				ASSETCATALOG_COMPILER_APPICON_NAME = AppIcon;
				INFOPLIST_FILE = helloworld/Info.plist;
				LD_RUNPATH_SEARCH_PATHS = "$(inherited) @executable_path/Frameworks";
				PRODUCT_NAME = "$(TARGET_NAME)";
			};
			name = Release;
		};
		3E9C79BB1A9EB4F7006C399E /* Debug */ = {
			isa = XCBuildConfiguration;
			buildSettings = {
				BUNDLE_LOADER = "$(TEST_HOST)";
				FRAMEWORK_SEARCH_PATHS = (
					"$(SDKROOT)/Developer/Library/Frameworks",
					"$(inherited)",
				);
				GCC_PREPROCESSOR_DEFINITIONS = (
					"DEBUG=1",
					"$(inherited)",
				);
				INFOPLIST_FILE = helloworldTests/Info.plist;
				LD_RUNPATH_SEARCH_PATHS = "$(inherited) @executable_path/Frameworks @loader_path/Frameworks";
				PRODUCT_NAME = "$(TARGET_NAME)";
				TEST_HOST = "$(BUILT_PRODUCTS_DIR)/helloworld.app/helloworld";
			};
			name = Debug;
		};
		3E9C79BC1A9EB4F7006C399E /* Release */ = {
			isa = XCBuildConfiguration;
			buildSettings = {
				BUNDLE_LOADER = "$(TEST_HOST)";
				FRAMEWORK_SEARCH_PATHS = (
					"$(SDKROOT)/Developer/Library/Frameworks",
					"$(inherited)",
				);
				INFOPLIST_FILE = helloworldTests/Info.plist;
				LD_RUNPATH_SEARCH_PATHS = "$(inherited) @executable_path/Frameworks @loader_path/Frameworks";
				PRODUCT_NAME = "$(TARGET_NAME)";
				TEST_HOST = "$(BUILT_PRODUCTS_DIR)/helloworld.app/helloworld";
			};
			name = Release;
		};
/* End XCBuildConfiguration section */

/* Begin XCConfigurationList section */
		3E9C798F1A9EB4F7006C399E /* Build configuration list for PBXProject "helloworld" */ = {
			isa = XCConfigurationList;
			buildConfigurations = (
				3E9C79B51A9EB4F7006C399E /* Debug */,
				3E9C79B61A9EB4F7006C399E /* Release */,
			);
			defaultConfigurationIsVisible = 0;
			defaultConfigurationName = Release;
		};
		3E9C79B71A9EB4F7006C399E /* Build configuration list for PBXNativeTarget "helloworld" */ = {
			isa = XCConfigurationList;
			buildConfigurations = (
				3E9C79B81A9EB4F7006C399E /* Debug */,
				3E9C79B91A9EB4F7006C399E /* Release */,
			);
			defaultConfigurationIsVisible = 0;
		};
		3E9C79BA1A9EB4F7006C399E /* Build configuration list for PBXNativeTarget "helloworldTests" */ = {
			isa = XCConfigurationList;
			buildConfigurations = (
				3E9C79BB1A9EB4F7006C399E /* Debug */,
				3E9C79BC1A9EB4F7006C399E /* Release */,
			);
			defaultConfigurationIsVisible = 0;
		};
/* End XCConfigurationList section */
	};
	rootObject = 3E9C798C1A9EB4F7006C399E /* Project object */;
}
